github.com/spiegel-im-spiegel/errs v0.2.0 h1:kOLu7vf8PtWtHjAxU4j9T2vyHmE32g0KTYPOjyU9fGU=
github.com/spiegel-im-spiegel/errs v0.2.0/go.mod h1:NwHSe6m3oAhRj2bAkkbzz9xAffIDNcP9uTdyJd9fJNs=
github.com/spiegel-im-spiegel/errs v0.2.1 h1:jyrtXGQ0A216ohQ46wQYd9BlXkOcvLhkHNMK/hJAcXc=
github.com/spiegel-im-spiegel/errs v0.2.1/go.mod h1:NwHSe6m3oAhRj2bAkkbzz9xAffIDNcP9uTdyJd9fJNs=
