github.com/goark/errs v1.2.2 h1:UrMZZJL0WaOzaO+ErSV+nz/k/+bmW2wUiFe5V7pUeEo=
github.com/goark/errs v1.2.2/go.mod h1:ZsQucxaDFVfSB8I99j4bxkDRfNOrlKINwg72QMuRWKw=
github.com/goark/go-cvss v1.6.6 h1:WJFuIWqmAw1Ilb9USv0vuX+nYzOWJp8lIujseJ/y3sU=
github.com/goark/go-cvss v1.6.6/go.mod h1:H3qbfUSUlV7XtA3EwWNunvXz6OySwWHOuO+R6ZPMQPI=
golang.org/x/text v0.9.0 h1:2sjJmO8cDvYveuX97RDLsxlyUxLl+GHoLxBiRdHllBE=
golang.org/x/text v0.9.0/go.mod h1:e1OnstbJyHTd6l/uOt8jFFHp6TRDWZR/bV3emEE/zU8=
