github.com/spiegel-im-spiegel/emojis v0.2.0 h1:Eqc/5u3S0EEtIb2iUFbe6jfM70yw7+znAnm7p/FDiJE=
github.com/spiegel-im-spiegel/emojis v0.2.0/go.mod h1:PGjEibXrRzIhJwsBNpkTh7uHYEVM0Fo+CGNn7FT6Nc0=
github.com/spiegel-im-spiegel/errs v1.0.2 h1:v4amEwRDqRWjKHOILQnJSovYhZ4ZttEnBBXNXEzS6Sc=
github.com/spiegel-im-spiegel/errs v1.0.2/go.mod h1:UoasJYYujMcdkbT9USv8dfZWoMyaY3btqQxoLJImw0A=
